
Microsoft Visual Studio Solution File, Format Version 12.00
# Visual Studio Version 17
VisualStudioVersion = 17.5.33516.290
MinimumVisualStudioVersion = 10.0.40219.1
Project("{9092AA53-FB77-4645-B42D-1CCCA6BD08BD}") = "ExpressGit", "ExpressGit\ExpressGit.njsproj", "{6B4C0EBB-5AFB-4465-A97D-CAA57E9CDA10}"
EndProject
Global
	GlobalSection(SolutionConfigurationPlatforms) = preSolution
		Debug|Any CPU = Debug|Any CPU
		Release|Any CPU = Release|Any CPU
	EndGlobalSection
	GlobalSection(ProjectConfigurationPlatforms) = postSolution
		{6B4C0EBB-5AFB-4465-A97D-CAA57E9CDA10}.Debug|Any CPU.ActiveCfg = Debug|Any CPU
		{6B4C0EBB-5AFB-4465-A97D-CAA57E9CDA10}.Debug|Any CPU.Build.0 = Debug|Any CPU
		{6B4C0EBB-5AFB-4465-A97D-CAA57E9CDA10}.Release|Any CPU.ActiveCfg = Release|Any CPU
		{6B4C0EBB-5AFB-4465-A97D-CAA57E9CDA10}.Release|Any CPU.Build.0 = Release|Any CPU
	EndGlobalSection
	GlobalSection(SolutionProperties) = preSolution
		HideSolutionNode = FALSE
	EndGlobalSection
	GlobalSection(ExtensibilityGlobals) = postSolution
		SolutionGuid = {2339F4CB-88CB-43C2-94C5-6CF414A3AEEE}
	EndGlobalSection
EndGlobal
